
Microsoft Visual Studio Solution File, Format Version 12.00
# Visual Studio 15
VisualStudioVersion = 15.0.28307.421
MinimumVisualStudioVersion = 10.0.40219.1
Project("{FAE04EC0-301F-11D3-BF4B-00C04F79EFBC}") = "Valeria", "Busch\Valeria.csproj", "{E0588731-738E-41DD-A615-C461953FD0B4}"
EndProject
Project("{FAE04EC0-301F-11D3-BF4B-00C04F79EFBC}") = "UnitTest", "UnitTest\UnitTest.csproj", "{9FF601EB-61E2-4B91-9D03-0F97B2CF76A5}"
EndProject
Global
	GlobalSection(SolutionConfigurationPlatforms) = preSolution
		Debug|Any CPU = Debug|Any CPU
		Release|Any CPU = Release|Any CPU
	EndGlobalSection
	GlobalSection(ProjectConfigurationPlatforms) = postSolution
		{E0588731-738E-41DD-A615-C461953FD0B4}.Debug|Any CPU.ActiveCfg = Debug|Any CPU
		{E0588731-738E-41DD-A615-C461953FD0B4}.Debug|Any CPU.Build.0 = Debug|Any CPU
		{E0588731-738E-41DD-A615-C461953FD0B4}.Release|Any CPU.ActiveCfg = Release|Any CPU
		{E0588731-738E-41DD-A615-C461953FD0B4}.Release|Any CPU.Build.0 = Release|Any CPU
		{9FF601EB-61E2-4B91-9D03-0F97B2CF76A5}.Debug|Any CPU.ActiveCfg = Debug|Any CPU
		{9FF601EB-61E2-4B91-9D03-0F97B2CF76A5}.Debug|Any CPU.Build.0 = Debug|Any CPU
		{9FF601EB-61E2-4B91-9D03-0F97B2CF76A5}.Release|Any CPU.ActiveCfg = Release|Any CPU
		{9FF601EB-61E2-4B91-9D03-0F97B2CF76A5}.Release|Any CPU.Build.0 = Release|Any CPU
	EndGlobalSection
	GlobalSection(SolutionProperties) = preSolution
		HideSolutionNode = FALSE
	EndGlobalSection
	GlobalSection(ExtensibilityGlobals) = postSolution
		SolutionGuid = {47DCBE79-FA40-4FEE-83D7-A0F7E6D7DB46}
	EndGlobalSection
EndGlobal
